
Microsoft Visual Studio Solution File, Format Version 12.00
# Visual Studio 15
VisualStudioVersion = 15.0.27703.2042
MinimumVisualStudioVersion = 10.0.40219.1
Project("{FAE04EC0-301F-11D3-BF4B-00C04F79EFBC}") = "IsBST", "IsBST\IsBST.csproj", "{E834DA20-294A-49D8-881D-2A8E6E06DFA2}"
EndProject
Global
	GlobalSection(SolutionConfigurationPlatforms) = preSolution
		Debug|Any CPU = Debug|Any CPU
		Release|Any CPU = Release|Any CPU
	EndGlobalSection
	GlobalSection(ProjectConfigurationPlatforms) = postSolution
		{E834DA20-294A-49D8-881D-2A8E6E06DFA2}.Debug|Any CPU.ActiveCfg = Debug|Any CPU
		{E834DA20-294A-49D8-881D-2A8E6E06DFA2}.Debug|Any CPU.Build.0 = Debug|Any CPU
		{E834DA20-294A-49D8-881D-2A8E6E06DFA2}.Release|Any CPU.ActiveCfg = Release|Any CPU
		{E834DA20-294A-49D8-881D-2A8E6E06DFA2}.Release|Any CPU.Build.0 = Release|Any CPU
	EndGlobalSection
	GlobalSection(SolutionProperties) = preSolution
		HideSolutionNode = FALSE
	EndGlobalSection
	GlobalSection(ExtensibilityGlobals) = postSolution
		SolutionGuid = {1495A5E3-9E5F-4D8A-91FC-2C474BF9E7BF}
	EndGlobalSection
EndGlobal
